// !$*UTF8*$!
{
	archiveVersion = 1;
	classes = {
	};
	objectVersion = 56;
	objects = {

/* Begin PBXBuildFile section */
		12DEF55D780F2CBFF72D1CBC /* Pods_Rides.framework in Frameworks */ = {isa = PBXBuildFile; fileRef = 3F719E07816E14B9FCF38DCE /* Pods_Rides.framework */; };
		314D0F162CADAD6700D4EF30 /* HostPageViewController.swift in Sources */ = {isa = PBXBuildFile; fileRef = 314D0F152CADAD6100D4EF30 /* HostPageViewController.swift */; };
		523D11A12CABBADA0049508D /* CarsListCoordinator.swift in Sources */ = {isa = PBXBuildFile; fileRef = 523D11A02CABBADA0049508D /* CarsListCoordinator.swift */; };
		523D11A42CABBBAA0049508D /* CustomUIHostingConfiguration.swift in Sources */ = {isa = PBXBuildFile; fileRef = 523D11A32CABBBAA0049508D /* CustomUIHostingConfiguration.swift */; };
		523D11A62CABBBD20049508D /* HostViewController.swift in Sources */ = {isa = PBXBuildFile; fileRef = 523D11A52CABBBD20049508D /* HostViewController.swift */; };
		523D11A82CABBCD00049508D /* AnyPublisher+Never.swift in Sources */ = {isa = PBXBuildFile; fileRef = 523D11A72CABBCD00049508D /* AnyPublisher+Never.swift */; };
		523D11AB2CABBCF40049508D /* UIView+Contraints.swift in Sources */ = {isa = PBXBuildFile; fileRef = 523D11AA2CABBCF40049508D /* UIView+Contraints.swift */; };
		523D11AD2CABBD210049508D /* UIView+ViewControllers.swift in Sources */ = {isa = PBXBuildFile; fileRef = 523D11AC2CABBD210049508D /* UIView+ViewControllers.swift */; };
		523D11AF2CABBD580049508D /* CarsListViewModel.swift in Sources */ = {isa = PBXBuildFile; fileRef = 523D11AE2CABBD580049508D /* CarsListViewModel.swift */; };
		523D11B12CABBD650049508D /* CarsListView.swift in Sources */ = {isa = PBXBuildFile; fileRef = 523D11B02CABBD650049508D /* CarsListView.swift */; };
		523D11B62CABC37A0049508D /* CarsListUseCase.swift in Sources */ = {isa = PBXBuildFile; fileRef = 523D11B52CABC37A0049508D /* CarsListUseCase.swift */; };
		523D11B82CAC697C0049508D /* APIEndpoint.swift in Sources */ = {isa = PBXBuildFile; fileRef = 523D11B72CAC697C0049508D /* APIEndpoint.swift */; };
		523D11BA2CAC6C680049508D /* APIService.swift in Sources */ = {isa = PBXBuildFile; fileRef = 523D11B92CAC6C680049508D /* APIService.swift */; };
		523D11BF2CAC76C80049508D /* CarsListRequest.swift in Sources */ = {isa = PBXBuildFile; fileRef = 523D11BE2CAC76C80049508D /* CarsListRequest.swift */; };
		523D11C32CAC77310049508D /* Car.swift in Sources */ = {isa = PBXBuildFile; fileRef = 523D11C22CAC77310049508D /* Car.swift */; };
		523D11C52CAC7DF50049508D /* Container+Service.swift in Sources */ = {isa = PBXBuildFile; fileRef = 523D11C42CAC7DF50049508D /* Container+Service.swift */; };
		523D11C82CAC96410049508D /* Config.swift in Sources */ = {isa = PBXBuildFile; fileRef = 523D11C72CAC96410049508D /* Config.swift */; };
		523D11CC2CAC9C6F0049508D /* String+Extension.swift in Sources */ = {isa = PBXBuildFile; fileRef = 523D11CB2CAC9C6E0049508D /* String+Extension.swift */; };
		523D11D02CACA2820049508D /* RoundedTextFieldStyle.swift in Sources */ = {isa = PBXBuildFile; fileRef = 523D11CF2CACA2820049508D /* RoundedTextFieldStyle.swift */; };
		523D11D22CACA2BA0049508D /* Font+OpenSans.swift in Sources */ = {isa = PBXBuildFile; fileRef = 523D11D12CACA2BA0049508D /* Font+OpenSans.swift */; };
		523D11D52CACA3040049508D /* TitleText.swift in Sources */ = {isa = PBXBuildFile; fileRef = 523D11D42CACA3040049508D /* TitleText.swift */; };
		523D11D72CACA3B20049508D /* LoadingView.swift in Sources */ = {isa = PBXBuildFile; fileRef = 523D11D62CACA3B20049508D /* LoadingView.swift */; };
		523D11D92CACA8E10049508D /* BorderedButtonStyle.swift in Sources */ = {isa = PBXBuildFile; fileRef = 523D11D82CACA8E10049508D /* BorderedButtonStyle.swift */; };
		523D11DC2CACA9F40049508D /* CarRowView.swift in Sources */ = {isa = PBXBuildFile; fileRef = 523D11DB2CACA9F40049508D /* CarRowView.swift */; };
		523D11DE2CACAD530049508D /* CarsListViewModel+CarRowViewModel.swift in Sources */ = {isa = PBXBuildFile; fileRef = 523D11DD2CACAD530049508D /* CarsListViewModel+CarRowViewModel.swift */; };
		523D11E02CACAF5C0049508D /* PublicPassthrough.swift in Sources */ = {isa = PBXBuildFile; fileRef = 523D11DF2CACAF5C0049508D /* PublicPassthrough.swift */; };
		523D11E42CACBB7F0049508D /* CarDetailsView.swift in Sources */ = {isa = PBXBuildFile; fileRef = 523D11E32CACBB7F0049508D /* CarDetailsView.swift */; };
		523D11E62CACBB8D0049508D /* CarDetailsViewModel.swift in Sources */ = {isa = PBXBuildFile; fileRef = 523D11E52CACBB8D0049508D /* CarDetailsViewModel.swift */; };
		523D11EE2CAD1EAE0049508D /* SortOption.swift in Sources */ = {isa = PBXBuildFile; fileRef = 523D11ED2CAD1EAE0049508D /* SortOption.swift */; };
		523D11F02CAD22780049508D /* CarsListViewModelTests.swift in Sources */ = {isa = PBXBuildFile; fileRef = 523D11EF2CAD22780049508D /* CarsListViewModelTests.swift */; };
		523D11F32CAD31ED0049508D /* CarbonEmissionsView.swift in Sources */ = {isa = PBXBuildFile; fileRef = 523D11F22CAD31ED0049508D /* CarbonEmissionsView.swift */; };
		523D11F52CAD32300049508D /* CarDetailsPageCoordinator.swift in Sources */ = {isa = PBXBuildFile; fileRef = 523D11F42CAD32300049508D /* CarDetailsPageCoordinator.swift */; };
		523D11F92CAD448A0049508D /* CarbonEmissionsViewModel.swift in Sources */ = {isa = PBXBuildFile; fileRef = 523D11F82CAD448A0049508D /* CarbonEmissionsViewModel.swift */; };
		523D11FB2CAD482F0049508D /* CarbonEmissionsTests.swift in Sources */ = {isa = PBXBuildFile; fileRef = 523D11FA2CAD482F0049508D /* CarbonEmissionsTests.swift */; };
		52BBB7762CAA621600584D4D /* AppDelegate.swift in Sources */ = {isa = PBXBuildFile; fileRef = 52BBB7752CAA621600584D4D /* AppDelegate.swift */; };
		52BBB7782CAA621600584D4D /* SceneDelegate.swift in Sources */ = {isa = PBXBuildFile; fileRef = 52BBB7772CAA621600584D4D /* SceneDelegate.swift */; };
		52BBB77F2CAA621900584D4D /* Assets.xcassets in Resources */ = {isa = PBXBuildFile; fileRef = 52BBB77E2CAA621900584D4D /* Assets.xcassets */; };
		52BBB7822CAA621900584D4D /* Base in Resources */ = {isa = PBXBuildFile; fileRef = 52BBB7812CAA621900584D4D /* Base */; };
		52BBB7A82CAB2D3E00584D4D /* AppCoordinator.swift in Sources */ = {isa = PBXBuildFile; fileRef = 52BBB7A72CAB2D3E00584D4D /* AppCoordinator.swift */; };
		52BBB7AB2CAB9AB500584D4D /* SceneDelegate+Dependencies.swift in Sources */ = {isa = PBXBuildFile; fileRef = 52BBB7AA2CAB9AB500584D4D /* SceneDelegate+Dependencies.swift */; };
/* End PBXBuildFile section */

/* Begin PBXContainerItemProxy section */
		52BBB7892CAA621900584D4D /* PBXContainerItemProxy */ = {
			isa = PBXContainerItemProxy;
			containerPortal = 52BBB76A2CAA621600584D4D /* Project object */;
			proxyType = 1;
			remoteGlobalIDString = 52BBB7712CAA621600584D4D;
			remoteInfo = RidesSwiftUI_Storyboard;
		};
/* End PBXContainerItemProxy section */

/* Begin PBXFileReference section */
		07B3008C832D98F516CE6284 /* Pods-Rides-RidesUITests.debug.xcconfig */ = {isa = PBXFileReference; includeInIndex = 1; lastKnownFileType = text.xcconfig; name = "Pods-Rides-RidesUITests.debug.xcconfig"; path = "Target Support Files/Pods-Rides-RidesUITests/Pods-Rides-RidesUITests.debug.xcconfig"; sourceTree = "<group>"; };
		12C1F8A67F1AAE1786860EF9 /* Pods_Rides_RidesUITests.framework */ = {isa = PBXFileReference; explicitFileType = wrapper.framework; includeInIndex = 0; path = Pods_Rides_RidesUITests.framework; sourceTree = BUILT_PRODUCTS_DIR; };
		1F9DC6A6D5899E40FD03F833 /* Pods-Rides.release.xcconfig */ = {isa = PBXFileReference; includeInIndex = 1; lastKnownFileType = text.xcconfig; name = "Pods-Rides.release.xcconfig"; path = "Target Support Files/Pods-Rides/Pods-Rides.release.xcconfig"; sourceTree = "<group>"; };
		314D0F152CADAD6100D4EF30 /* HostPageViewController.swift */ = {isa = PBXFileReference; lastKnownFileType = sourcecode.swift; path = HostPageViewController.swift; sourceTree = "<group>"; };
		3F719E07816E14B9FCF38DCE /* Pods_Rides.framework */ = {isa = PBXFileReference; explicitFileType = wrapper.framework; includeInIndex = 0; path = Pods_Rides.framework; sourceTree = BUILT_PRODUCTS_DIR; };
		4A734720B196B3B00173C7AC /* Pods-Rides-RidesUITests.release.xcconfig */ = {isa = PBXFileReference; includeInIndex = 1; lastKnownFileType = text.xcconfig; name = "Pods-Rides-RidesUITests.release.xcconfig"; path = "Target Support Files/Pods-Rides-RidesUITests/Pods-Rides-RidesUITests.release.xcconfig"; sourceTree = "<group>"; };
		523D11A02CABBADA0049508D /* CarsListCoordinator.swift */ = {isa = PBXFileReference; lastKnownFileType = sourcecode.swift; path = CarsListCoordinator.swift; sourceTree = "<group>"; };
		523D11A32CABBBAA0049508D /* CustomUIHostingConfiguration.swift */ = {isa = PBXFileReference; lastKnownFileType = sourcecode.swift; path = CustomUIHostingConfiguration.swift; sourceTree = "<group>"; };
		523D11A52CABBBD20049508D /* HostViewController.swift */ = {isa = PBXFileReference; lastKnownFileType = sourcecode.swift; path = HostViewController.swift; sourceTree = "<group>"; };
		523D11A72CABBCD00049508D /* AnyPublisher+Never.swift */ = {isa = PBXFileReference; lastKnownFileType = sourcecode.swift; path = "AnyPublisher+Never.swift"; sourceTree = "<group>"; };
		523D11AA2CABBCF40049508D /* UIView+Contraints.swift */ = {isa = PBXFileReference; lastKnownFileType = sourcecode.swift; path = "UIView+Contraints.swift"; sourceTree = "<group>"; };
		523D11AC2CABBD210049508D /* UIView+ViewControllers.swift */ = {isa = PBXFileReference; lastKnownFileType = sourcecode.swift; path = "UIView+ViewControllers.swift"; sourceTree = "<group>"; };
		523D11AE2CABBD580049508D /* CarsListViewModel.swift */ = {isa = PBXFileReference; lastKnownFileType = sourcecode.swift; path = CarsListViewModel.swift; sourceTree = "<group>"; };
		523D11B02CABBD650049508D /* CarsListView.swift */ = {isa = PBXFileReference; lastKnownFileType = sourcecode.swift; path = CarsListView.swift; sourceTree = "<group>"; };
		523D11B52CABC37A0049508D /* CarsListUseCase.swift */ = {isa = PBXFileReference; lastKnownFileType = sourcecode.swift; path = CarsListUseCase.swift; sourceTree = "<group>"; };
		523D11B72CAC697C0049508D /* APIEndpoint.swift */ = {isa = PBXFileReference; lastKnownFileType = sourcecode.swift; path = APIEndpoint.swift; sourceTree = "<group>"; };
		523D11B92CAC6C680049508D /* APIService.swift */ = {isa = PBXFileReference; lastKnownFileType = sourcecode.swift; path = APIService.swift; sourceTree = "<group>"; };
		523D11BE2CAC76C80049508D /* CarsListRequest.swift */ = {isa = PBXFileReference; lastKnownFileType = sourcecode.swift; path = CarsListRequest.swift; sourceTree = "<group>"; };
		523D11C22CAC77310049508D /* Car.swift */ = {isa = PBXFileReference; lastKnownFileType = sourcecode.swift; path = Car.swift; sourceTree = "<group>"; };
		523D11C42CAC7DF50049508D /* Container+Service.swift */ = {isa = PBXFileReference; lastKnownFileType = sourcecode.swift; path = "Container+Service.swift"; sourceTree = "<group>"; };
		523D11C72CAC96410049508D /* Config.swift */ = {isa = PBXFileReference; lastKnownFileType = sourcecode.swift; path = Config.swift; sourceTree = "<group>"; };
		523D11CA2CAC971B0049508D /* Debug.xcconfig */ = {isa = PBXFileReference; lastKnownFileType = text.xcconfig; path = Debug.xcconfig; sourceTree = "<group>"; };
		523D11CB2CAC9C6E0049508D /* String+Extension.swift */ = {isa = PBXFileReference; lastKnownFileType = sourcecode.swift; path = "String+Extension.swift"; sourceTree = "<group>"; };
		523D11CF2CACA2820049508D /* RoundedTextFieldStyle.swift */ = {isa = PBXFileReference; lastKnownFileType = sourcecode.swift; path = RoundedTextFieldStyle.swift; sourceTree = "<group>"; };
		523D11D12CACA2BA0049508D /* Font+OpenSans.swift */ = {isa = PBXFileReference; lastKnownFileType = sourcecode.swift; path = "Font+OpenSans.swift"; sourceTree = "<group>"; };
		523D11D42CACA3040049508D /* TitleText.swift */ = {isa = PBXFileReference; lastKnownFileType = sourcecode.swift; path = TitleText.swift; sourceTree = "<group>"; };
		523D11D62CACA3B20049508D /* LoadingView.swift */ = {isa = PBXFileReference; lastKnownFileType = sourcecode.swift; path = LoadingView.swift; sourceTree = "<group>"; };
		523D11D82CACA8E10049508D /* BorderedButtonStyle.swift */ = {isa = PBXFileReference; lastKnownFileType = sourcecode.swift; path = BorderedButtonStyle.swift; sourceTree = "<group>"; };
		523D11DB2CACA9F40049508D /* CarRowView.swift */ = {isa = PBXFileReference; lastKnownFileType = sourcecode.swift; path = CarRowView.swift; sourceTree = "<group>"; };
		523D11DD2CACAD530049508D /* CarsListViewModel+CarRowViewModel.swift */ = {isa = PBXFileReference; lastKnownFileType = sourcecode.swift; path = "CarsListViewModel+CarRowViewModel.swift"; sourceTree = "<group>"; };
		523D11DF2CACAF5C0049508D /* PublicPassthrough.swift */ = {isa = PBXFileReference; lastKnownFileType = sourcecode.swift; path = PublicPassthrough.swift; sourceTree = "<group>"; };
		523D11E32CACBB7F0049508D /* CarDetailsView.swift */ = {isa = PBXFileReference; lastKnownFileType = sourcecode.swift; path = CarDetailsView.swift; sourceTree = "<group>"; };
		523D11E52CACBB8D0049508D /* CarDetailsViewModel.swift */ = {isa = PBXFileReference; lastKnownFileType = sourcecode.swift; path = CarDetailsViewModel.swift; sourceTree = "<group>"; };
		523D11ED2CAD1EAE0049508D /* SortOption.swift */ = {isa = PBXFileReference; lastKnownFileType = sourcecode.swift; path = SortOption.swift; sourceTree = "<group>"; };
		523D11EF2CAD22780049508D /* CarsListViewModelTests.swift */ = {isa = PBXFileReference; lastKnownFileType = sourcecode.swift; path = CarsListViewModelTests.swift; sourceTree = "<group>"; };
		523D11F22CAD31ED0049508D /* CarbonEmissionsView.swift */ = {isa = PBXFileReference; lastKnownFileType = sourcecode.swift; path = CarbonEmissionsView.swift; sourceTree = "<group>"; };
		523D11F42CAD32300049508D /* CarDetailsPageCoordinator.swift */ = {isa = PBXFileReference; lastKnownFileType = sourcecode.swift; path = CarDetailsPageCoordinator.swift; sourceTree = "<group>"; };
		523D11F82CAD448A0049508D /* CarbonEmissionsViewModel.swift */ = {isa = PBXFileReference; lastKnownFileType = sourcecode.swift; path = CarbonEmissionsViewModel.swift; sourceTree = "<group>"; };
		523D11FA2CAD482F0049508D /* CarbonEmissionsTests.swift */ = {isa = PBXFileReference; lastKnownFileType = sourcecode.swift; path = CarbonEmissionsTests.swift; sourceTree = "<group>"; };
		52BBB7722CAA621600584D4D /* Rides.app */ = {isa = PBXFileReference; explicitFileType = wrapper.application; includeInIndex = 0; path = Rides.app; sourceTree = BUILT_PRODUCTS_DIR; };
		52BBB7752CAA621600584D4D /* AppDelegate.swift */ = {isa = PBXFileReference; lastKnownFileType = sourcecode.swift; path = AppDelegate.swift; sourceTree = "<group>"; };
		52BBB7772CAA621600584D4D /* SceneDelegate.swift */ = {isa = PBXFileReference; lastKnownFileType = sourcecode.swift; path = SceneDelegate.swift; sourceTree = "<group>"; };
		52BBB77E2CAA621900584D4D /* Assets.xcassets */ = {isa = PBXFileReference; lastKnownFileType = folder.assetcatalog; path = Assets.xcassets; sourceTree = "<group>"; };
		52BBB7812CAA621900584D4D /* Base */ = {isa = PBXFileReference; lastKnownFileType = file.storyboard; name = Base; path = Base.lproj/LaunchScreen.storyboard; sourceTree = "<group>"; };
		52BBB7832CAA621900584D4D /* Info.plist */ = {isa = PBXFileReference; lastKnownFileType = text.plist.xml; path = Info.plist; sourceTree = "<group>"; };
		52BBB7882CAA621900584D4D /* RidesTests.xctest */ = {isa = PBXFileReference; explicitFileType = wrapper.cfbundle; includeInIndex = 0; path = RidesTests.xctest; sourceTree = BUILT_PRODUCTS_DIR; };
		52BBB7A72CAB2D3E00584D4D /* AppCoordinator.swift */ = {isa = PBXFileReference; lastKnownFileType = sourcecode.swift; path = AppCoordinator.swift; sourceTree = "<group>"; };
		52BBB7AA2CAB9AB500584D4D /* SceneDelegate+Dependencies.swift */ = {isa = PBXFileReference; lastKnownFileType = sourcecode.swift; path = "SceneDelegate+Dependencies.swift"; sourceTree = "<group>"; };
		D632D8D78F49092E547286CC /* Pods-Rides.debug.xcconfig */ = {isa = PBXFileReference; includeInIndex = 1; lastKnownFileType = text.xcconfig; name = "Pods-Rides.debug.xcconfig"; path = "Target Support Files/Pods-Rides/Pods-Rides.debug.xcconfig"; sourceTree = "<group>"; };
/* End PBXFileReference section */

/* Begin PBXFrameworksBuildPhase section */
		52BBB76F2CAA621600584D4D /* Frameworks */ = {
			isa = PBXFrameworksBuildPhase;
			buildActionMask = 2147483647;
			files = (
				12DEF55D780F2CBFF72D1CBC /* Pods_Rides.framework in Frameworks */,
			);
			runOnlyForDeploymentPostprocessing = 0;
		};
		52BBB7852CAA621900584D4D /* Frameworks */ = {
			isa = PBXFrameworksBuildPhase;
			buildActionMask = 2147483647;
			files = (
			);
			runOnlyForDeploymentPostprocessing = 0;
		};
/* End PBXFrameworksBuildPhase section */

/* Begin PBXGroup section */
		153BB42A73100922AA115060 /* Frameworks */ = {
			isa = PBXGroup;
			children = (
				3F719E07816E14B9FCF38DCE /* Pods_Rides.framework */,
				12C1F8A67F1AAE1786860EF9 /* Pods_Rides_RidesUITests.framework */,
			);
			name = Frameworks;
			sourceTree = "<group>";
		};
		523D119E2CABBA3F0049508D /* Modules */ = {
			isa = PBXGroup;
			children = (
				523D11F12CAD31BA0049508D /* CarbonEmissions */,
				523D11E22CACBB660049508D /* CarDetails */,
				523D119F2CABBA490049508D /* CarsList */,
			);
			path = Modules;
			sourceTree = "<group>";
		};
		523D119F2CABBA490049508D /* CarsList */ = {
			isa = PBXGroup;
			children = (
				523D11A02CABBADA0049508D /* CarsListCoordinator.swift */,
				523D11EA2CACBBB70049508D /* ViewModel */,
				523D11E92CACBBAF0049508D /* View */,
				523D11DA2CACA9E30049508D /* CarRowView */,
			);
			path = CarsList;
			sourceTree = "<group>";
		};
		523D11A22CABBB820049508D /* Base */ = {
			isa = PBXGroup;
			children = (
				314D0F152CADAD6100D4EF30 /* HostPageViewController.swift */,
				523D11A32CABBBAA0049508D /* CustomUIHostingConfiguration.swift */,
				523D11A52CABBBD20049508D /* HostViewController.swift */,
			);
			path = Base;
			sourceTree = "<group>";
		};
		523D11A92CABBCDF0049508D /* UIView */ = {
			isa = PBXGroup;
			children = (
				523D11AA2CABBCF40049508D /* UIView+Contraints.swift */,
				523D11AC2CABBD210049508D /* UIView+ViewControllers.swift */,
			);
			path = UIView;
			sourceTree = "<group>";
		};
		523D11B22CABC3490049508D /* Services */ = {
			isa = PBXGroup;
			children = (
				523D11B42CABC35A0049508D /* UseCases */,
				523D11B32CABC3520049508D /* API */,
			);
			path = Services;
			sourceTree = "<group>";
		};
		523D11B32CABC3520049508D /* API */ = {
			isa = PBXGroup;
			children = (
				523D11B72CAC697C0049508D /* APIEndpoint.swift */,
				523D11B92CAC6C680049508D /* APIService.swift */,
			);
			path = API;
			sourceTree = "<group>";
		};
		523D11B42CABC35A0049508D /* UseCases */ = {
			isa = PBXGroup;
			children = (
				523D11B52CABC37A0049508D /* CarsListUseCase.swift */,
			);
			path = UseCases;
			sourceTree = "<group>";
		};
		523D11BB2CAC76920049508D /* Models */ = {
			isa = PBXGroup;
			children = (
				523D11BC2CAC769B0049508D /* CarsList */,
			);
			path = Models;
			sourceTree = "<group>";
		};
		523D11BC2CAC769B0049508D /* CarsList */ = {
			isa = PBXGroup;
			children = (
				523D11BD2CAC76B10049508D /* API */,
				523D11C22CAC77310049508D /* Car.swift */,
			);
			path = CarsList;
			sourceTree = "<group>";
		};
		523D11BD2CAC76B10049508D /* API */ = {
			isa = PBXGroup;
			children = (
				523D11BE2CAC76C80049508D /* CarsListRequest.swift */,
			);
			path = API;
			sourceTree = "<group>";
		};
		523D11C62CAC96320049508D /* Utils */ = {
			isa = PBXGroup;
			children = (
				523D11DF2CACAF5C0049508D /* PublicPassthrough.swift */,
				523D11C72CAC96410049508D /* Config.swift */,
				523D11ED2CAD1EAE0049508D /* SortOption.swift */,
			);
			path = Utils;
			sourceTree = "<group>";
		};
		523D11C92CAC96E50049508D /* Configs */ = {
			isa = PBXGroup;
			children = (
				523D11CA2CAC971B0049508D /* Debug.xcconfig */,
			);
			path = Configs;
			sourceTree = "<group>";
		};
		523D11CD2CACA2600049508D /* Components */ = {
			isa = PBXGroup;
			children = (
				523D11D32CACA2F90049508D /* Text */,
				523D11CE2CACA2730049508D /* Styles */,
				523D11D62CACA3B20049508D /* LoadingView.swift */,
			);
			path = Components;
			sourceTree = "<group>";
		};
		523D11CE2CACA2730049508D /* Styles */ = {
			isa = PBXGroup;
			children = (
				523D11CF2CACA2820049508D /* RoundedTextFieldStyle.swift */,
				523D11D82CACA8E10049508D /* BorderedButtonStyle.swift */,
			);
			path = Styles;
			sourceTree = "<group>";
		};
		523D11D32CACA2F90049508D /* Text */ = {
			isa = PBXGroup;
			children = (
				523D11D42CACA3040049508D /* TitleText.swift */,
			);
			path = Text;
			sourceTree = "<group>";
		};
		523D11DA2CACA9E30049508D /* CarRowView */ = {
			isa = PBXGroup;
			children = (
				523D11DB2CACA9F40049508D /* CarRowView.swift */,
				523D11DD2CACAD530049508D /* CarsListViewModel+CarRowViewModel.swift */,
			);
			path = CarRowView;
			sourceTree = "<group>";
		};
		523D11E22CACBB660049508D /* CarDetails */ = {
			isa = PBXGroup;
			children = (
				523D11F42CAD32300049508D /* CarDetailsPageCoordinator.swift */,
				523D11E82CACBBA00049508D /* ViewModel */,
				523D11E72CACBB990049508D /* View */,
			);
			path = CarDetails;
			sourceTree = "<group>";
		};
		523D11E72CACBB990049508D /* View */ = {
			isa = PBXGroup;
			children = (
				523D11E32CACBB7F0049508D /* CarDetailsView.swift */,
			);
			path = View;
			sourceTree = "<group>";
		};
		523D11E82CACBBA00049508D /* ViewModel */ = {
			isa = PBXGroup;
			children = (
				523D11E52CACBB8D0049508D /* CarDetailsViewModel.swift */,
			);
			path = ViewModel;
			sourceTree = "<group>";
		};
		523D11E92CACBBAF0049508D /* View */ = {
			isa = PBXGroup;
			children = (
				523D11B02CABBD650049508D /* CarsListView.swift */,
			);
			path = View;
			sourceTree = "<group>";
		};
		523D11EA2CACBBB70049508D /* ViewModel */ = {
			isa = PBXGroup;
			children = (
				523D11AE2CABBD580049508D /* CarsListViewModel.swift */,
			);
			path = ViewModel;
			sourceTree = "<group>";
		};
		523D11F12CAD31BA0049508D /* CarbonEmissions */ = {
			isa = PBXGroup;
			children = (
				523D11F72CAD44530049508D /* ViewModel */,
				523D11F62CAD32CB0049508D /* View */,
			);
			path = CarbonEmissions;
			sourceTree = "<group>";
		};
		523D11F62CAD32CB0049508D /* View */ = {
			isa = PBXGroup;
			children = (
				523D11F22CAD31ED0049508D /* CarbonEmissionsView.swift */,
			);
			path = View;
			sourceTree = "<group>";
		};
		523D11F72CAD44530049508D /* ViewModel */ = {
			isa = PBXGroup;
			children = (
				523D11F82CAD448A0049508D /* CarbonEmissionsViewModel.swift */,
			);
			path = ViewModel;
			sourceTree = "<group>";
		};
		52BBB7692CAA621600584D4D = {
			isa = PBXGroup;
			children = (
				52BBB7742CAA621600584D4D /* Rides */,
				52BBB78B2CAA621900584D4D /* RidesTests */,
				52BBB7732CAA621600584D4D /* Products */,
				59D9EE54B6876D661F62388E /* Pods */,
				153BB42A73100922AA115060 /* Frameworks */,
			);
			sourceTree = "<group>";
		};
		52BBB7732CAA621600584D4D /* Products */ = {
			isa = PBXGroup;
			children = (
				52BBB7722CAA621600584D4D /* Rides.app */,
				52BBB7882CAA621900584D4D /* RidesTests.xctest */,
			);
			name = Products;
			sourceTree = "<group>";
		};
		52BBB7742CAA621600584D4D /* Rides */ = {
			isa = PBXGroup;
			children = (
				523D11CD2CACA2600049508D /* Components */,
				523D11C62CAC96320049508D /* Utils */,
				523D11BB2CAC76920049508D /* Models */,
				523D11B22CABC3490049508D /* Services */,
				523D11A22CABBB820049508D /* Base */,
				523D119E2CABBA3F0049508D /* Modules */,
				52BBB7A92CAB2D4600584D4D /* Extensions */,
				52BBB7A62CAB2D2000584D4D /* App */,
				52BBB7A52CAB019600584D4D /* Resources */,
			);
			path = Rides;
			sourceTree = "<group>";
		};
		52BBB78B2CAA621900584D4D /* RidesTests */ = {
			isa = PBXGroup;
			children = (
				523D11EF2CAD22780049508D /* CarsListViewModelTests.swift */,
				523D11FA2CAD482F0049508D /* CarbonEmissionsTests.swift */,
			);
			path = RidesTests;
			sourceTree = "<group>";
		};
		52BBB7A52CAB019600584D4D /* Resources */ = {
			isa = PBXGroup;
			children = (
				523D11C92CAC96E50049508D /* Configs */,
				52BBB77E2CAA621900584D4D /* Assets.xcassets */,
				52BBB7802CAA621900584D4D /* LaunchScreen.storyboard */,
				52BBB7832CAA621900584D4D /* Info.plist */,
			);
			path = Resources;
			sourceTree = "<group>";
		};
		52BBB7A62CAB2D2000584D4D /* App */ = {
			isa = PBXGroup;
			children = (
				52BBB7752CAA621600584D4D /* AppDelegate.swift */,
				52BBB7772CAA621600584D4D /* SceneDelegate.swift */,
				52BBB7A72CAB2D3E00584D4D /* AppCoordinator.swift */,
			);
			path = App;
			sourceTree = "<group>";
		};
		52BBB7A92CAB2D4600584D4D /* Extensions */ = {
			isa = PBXGroup;
			children = (
				523D11A92CABBCDF0049508D /* UIView */,
				52BBB7AA2CAB9AB500584D4D /* SceneDelegate+Dependencies.swift */,
				523D11A72CABBCD00049508D /* AnyPublisher+Never.swift */,
				523D11C42CAC7DF50049508D /* Container+Service.swift */,
				523D11CB2CAC9C6E0049508D /* String+Extension.swift */,
				523D11D12CACA2BA0049508D /* Font+OpenSans.swift */,
			);
			path = Extensions;
			sourceTree = "<group>";
		};
		59D9EE54B6876D661F62388E /* Pods */ = {
			isa = PBXGroup;
			children = (
				D632D8D78F49092E547286CC /* Pods-Rides.debug.xcconfig */,
				1F9DC6A6D5899E40FD03F833 /* Pods-Rides.release.xcconfig */,
				07B3008C832D98F516CE6284 /* Pods-Rides-RidesUITests.debug.xcconfig */,
				4A734720B196B3B00173C7AC /* Pods-Rides-RidesUITests.release.xcconfig */,
			);
			path = Pods;
			sourceTree = "<group>";
		};
/* End PBXGroup section */

/* Begin PBXNativeTarget section */
		52BBB7712CAA621600584D4D /* Rides */ = {
			isa = PBXNativeTarget;
			buildConfigurationList = 52BBB79C2CAA621900584D4D /* Build configuration list for PBXNativeTarget "Rides" */;
			buildPhases = (
				C570E6C68C2C9326777EBE95 /* [CP] Check Pods Manifest.lock */,
				52BBB76E2CAA621600584D4D /* Sources */,
				52BBB76F2CAA621600584D4D /* Frameworks */,
				52BBB7702CAA621600584D4D /* Resources */,
				1C822D2690D6B7B66E89710A /* [CP] Embed Pods Frameworks */,
			);
			buildRules = (
			);
			dependencies = (
			);
			name = Rides;
			productName = RidesSwiftUI_Storyboard;
			productReference = 52BBB7722CAA621600584D4D /* Rides.app */;
			productType = "com.apple.product-type.application";
		};
		52BBB7872CAA621900584D4D /* RidesTests */ = {
			isa = PBXNativeTarget;
			buildConfigurationList = 52BBB79F2CAA621900584D4D /* Build configuration list for PBXNativeTarget "RidesTests" */;
			buildPhases = (
				52BBB7842CAA621900584D4D /* Sources */,
				52BBB7852CAA621900584D4D /* Frameworks */,
				52BBB7862CAA621900584D4D /* Resources */,
			);
			buildRules = (
			);
			dependencies = (
				52BBB78A2CAA621900584D4D /* PBXTargetDependency */,
			);
			name = RidesTests;
			productName = RidesSwiftUI_StoryboardTests;
			productReference = 52BBB7882CAA621900584D4D /* RidesTests.xctest */;
			productType = "com.apple.product-type.bundle.unit-test";
		};
/* End PBXNativeTarget section */

/* Begin PBXProject section */
		52BBB76A2CAA621600584D4D /* Project object */ = {
			isa = PBXProject;
			attributes = {
				BuildIndependentTargetsInParallel = 1;
				LastSwiftUpdateCheck = 1540;
				LastUpgradeCheck = 1540;
				TargetAttributes = {
					52BBB7712CAA621600584D4D = {
						CreatedOnToolsVersion = 15.4;
					};
					52BBB7872CAA621900584D4D = {
						CreatedOnToolsVersion = 15.4;
						TestTargetID = 52BBB7712CAA621600584D4D;
					};
				};
			};
			buildConfigurationList = 52BBB76D2CAA621600584D4D /* Build configuration list for PBXProject "Rides" */;
			compatibilityVersion = "Xcode 14.0";
			developmentRegion = en;
			hasScannedForEncodings = 0;
			knownRegions = (
				en,
				Base,
			);
			mainGroup = 52BBB7692CAA621600584D4D;
			productRefGroup = 52BBB7732CAA621600584D4D /* Products */;
			projectDirPath = "";
			projectRoot = "";
			targets = (
				52BBB7712CAA621600584D4D /* Rides */,
				52BBB7872CAA621900584D4D /* RidesTests */,
			);
		};
/* End PBXProject section */

/* Begin PBXResourcesBuildPhase section */
		52BBB7702CAA621600584D4D /* Resources */ = {
			isa = PBXResourcesBuildPhase;
			buildActionMask = 2147483647;
			files = (
				52BBB77F2CAA621900584D4D /* Assets.xcassets in Resources */,
				52BBB7822CAA621900584D4D /* Base in Resources */,
			);
			runOnlyForDeploymentPostprocessing = 0;
		};
		52BBB7862CAA621900584D4D /* Resources */ = {
			isa = PBXResourcesBuildPhase;
			buildActionMask = 2147483647;
			files = (
			);
			runOnlyForDeploymentPostprocessing = 0;
		};
/* End PBXResourcesBuildPhase section */

/* Begin PBXShellScriptBuildPhase section */
		1C822D2690D6B7B66E89710A /* [CP] Embed Pods Frameworks */ = {
			isa = PBXShellScriptBuildPhase;
			buildActionMask = 2147483647;
			files = (
			);
			inputFileListPaths = (
				"${PODS_ROOT}/Target Support Files/Pods-Rides/Pods-Rides-frameworks-${CONFIGURATION}-input-files.xcfilelist",
			);
			name = "[CP] Embed Pods Frameworks";
			outputFileListPaths = (
				"${PODS_ROOT}/Target Support Files/Pods-Rides/Pods-Rides-frameworks-${CONFIGURATION}-output-files.xcfilelist",
			);
			runOnlyForDeploymentPostprocessing = 0;
			shellPath = /bin/sh;
			shellScript = "\"${PODS_ROOT}/Target Support Files/Pods-Rides/Pods-Rides-frameworks.sh\"\n";
			showEnvVarsInLog = 0;
		};
		C570E6C68C2C9326777EBE95 /* [CP] Check Pods Manifest.lock */ = {
			isa = PBXShellScriptBuildPhase;
			buildActionMask = 2147483647;
			files = (
			);
			inputFileListPaths = (
			);
			inputPaths = (
				"${PODS_PODFILE_DIR_PATH}/Podfile.lock",
				"${PODS_ROOT}/Manifest.lock",
			);
			name = "[CP] Check Pods Manifest.lock";
			outputFileListPaths = (
			);
			outputPaths = (
				"$(DERIVED_FILE_DIR)/Pods-Rides-checkManifestLockResult.txt",
			);
			runOnlyForDeploymentPostprocessing = 0;
			shellPath = /bin/sh;
			shellScript = "diff \"${PODS_PODFILE_DIR_PATH}/Podfile.lock\" \"${PODS_ROOT}/Manifest.lock\" > /dev/null\nif [ $? != 0 ] ; then\n    # print error to STDERR\n    echo \"error: The sandbox is not in sync with the Podfile.lock. Run 'pod install' or update your CocoaPods installation.\" >&2\n    exit 1\nfi\n# This output is used by Xcode 'outputs' to avoid re-running this script phase.\necho \"SUCCESS\" > \"${SCRIPT_OUTPUT_FILE_0}\"\n";
			showEnvVarsInLog = 0;
		};
/* End PBXShellScriptBuildPhase section */

/* Begin PBXSourcesBuildPhase section */
		52BBB76E2CAA621600584D4D /* Sources */ = {
			isa = PBXSourcesBuildPhase;
			buildActionMask = 2147483647;
			files = (
				523D11A12CABBADA0049508D /* CarsListCoordinator.swift in Sources */,
				523D11CC2CAC9C6F0049508D /* String+Extension.swift in Sources */,
				523D11D92CACA8E10049508D /* BorderedButtonStyle.swift in Sources */,
				523D11BA2CAC6C680049508D /* APIService.swift in Sources */,
				523D11F92CAD448A0049508D /* CarbonEmissionsViewModel.swift in Sources */,
				523D11E42CACBB7F0049508D /* CarDetailsView.swift in Sources */,
				523D11AB2CABBCF40049508D /* UIView+Contraints.swift in Sources */,
				52BBB7AB2CAB9AB500584D4D /* SceneDelegate+Dependencies.swift in Sources */,
				523D11D02CACA2820049508D /* RoundedTextFieldStyle.swift in Sources */,
				523D11A62CABBBD20049508D /* HostViewController.swift in Sources */,
				523D11E62CACBB8D0049508D /* CarDetailsViewModel.swift in Sources */,
				52BBB7A82CAB2D3E00584D4D /* AppCoordinator.swift in Sources */,
				523D11B12CABBD650049508D /* CarsListView.swift in Sources */,
				523D11B62CABC37A0049508D /* CarsListUseCase.swift in Sources */,
				523D11B82CAC697C0049508D /* APIEndpoint.swift in Sources */,
				523D11DE2CACAD530049508D /* CarsListViewModel+CarRowViewModel.swift in Sources */,
				523D11DC2CACA9F40049508D /* CarRowView.swift in Sources */,
				523D11AF2CABBD580049508D /* CarsListViewModel.swift in Sources */,
				523D11EE2CAD1EAE0049508D /* SortOption.swift in Sources */,
				523D11A82CABBCD00049508D /* AnyPublisher+Never.swift in Sources */,
				523D11C52CAC7DF50049508D /* Container+Service.swift in Sources */,
				52BBB7762CAA621600584D4D /* AppDelegate.swift in Sources */,
				523D11D52CACA3040049508D /* TitleText.swift in Sources */,
				523D11AD2CABBD210049508D /* UIView+ViewControllers.swift in Sources */,
				523D11D22CACA2BA0049508D /* Font+OpenSans.swift in Sources */,
				523D11F52CAD32300049508D /* CarDetailsPageCoordinator.swift in Sources */,
				523D11D72CACA3B20049508D /* LoadingView.swift in Sources */,
				523D11A42CABBBAA0049508D /* CustomUIHostingConfiguration.swift in Sources */,
				523D11C32CAC77310049508D /* Car.swift in Sources */,
				523D11E02CACAF5C0049508D /* PublicPassthrough.swift in Sources */,
				523D11C82CAC96410049508D /* Config.swift in Sources */,
				523D11BF2CAC76C80049508D /* CarsListRequest.swift in Sources */,
				523D11F32CAD31ED0049508D /* CarbonEmissionsView.swift in Sources */,
				314D0F162CADAD6700D4EF30 /* HostPageViewController.swift in Sources */,
				52BBB7782CAA621600584D4D /* SceneDelegate.swift in Sources */,
			);
			runOnlyForDeploymentPostprocessing = 0;
		};
		52BBB7842CAA621900584D4D /* Sources */ = {
			isa = PBXSourcesBuildPhase;
			buildActionMask = 2147483647;
			files = (
				523D11F02CAD22780049508D /* CarsListViewModelTests.swift in Sources */,
				523D11FB2CAD482F0049508D /* CarbonEmissionsTests.swift in Sources */,
			);
			runOnlyForDeploymentPostprocessing = 0;
		};
/* End PBXSourcesBuildPhase section */

/* Begin PBXTargetDependency section */
		52BBB78A2CAA621900584D4D /* PBXTargetDependency */ = {
			isa = PBXTargetDependency;
			target = 52BBB7712CAA621600584D4D /* Rides */;
			targetProxy = 52BBB7892CAA621900584D4D /* PBXContainerItemProxy */;
		};
/* End PBXTargetDependency section */

/* Begin PBXVariantGroup section */
		52BBB7802CAA621900584D4D /* LaunchScreen.storyboard */ = {
			isa = PBXVariantGroup;
			children = (
				52BBB7812CAA621900584D4D /* Base */,
			);
			name = LaunchScreen.storyboard;
			sourceTree = "<group>";
		};
/* End PBXVariantGroup section */

/* Begin XCBuildConfiguration section */
		52BBB79A2CAA621900584D4D /* Debug */ = {
			isa = XCBuildConfiguration;
			buildSettings = {
				ALWAYS_SEARCH_USER_PATHS = NO;
				ASSETCATALOG_COMPILER_GENERATE_SWIFT_ASSET_SYMBOL_EXTENSIONS = YES;
				CLANG_ANALYZER_NONNULL = YES;
				CLANG_ANALYZER_NUMBER_OBJECT_CONVERSION = YES_AGGRESSIVE;
				CLANG_CXX_LANGUAGE_STANDARD = "gnu++20";
				CLANG_ENABLE_MODULES = YES;
				CLANG_ENABLE_OBJC_ARC = YES;
				CLANG_ENABLE_OBJC_WEAK = YES;
				CLANG_WARN_BLOCK_CAPTURE_AUTORELEASING = YES;
				CLANG_WARN_BOOL_CONVERSION = YES;
				CLANG_WARN_COMMA = YES;
				CLANG_WARN_CONSTANT_CONVERSION = YES;
				CLANG_WARN_DEPRECATED_OBJC_IMPLEMENTATIONS = YES;
				CLANG_WARN_DIRECT_OBJC_ISA_USAGE = YES_ERROR;
				CLANG_WARN_DOCUMENTATION_COMMENTS = YES;
				CLANG_WARN_EMPTY_BODY = YES;
				CLANG_WARN_ENUM_CONVERSION = YES;
				CLANG_WARN_INFINITE_RECURSION = YES;
				CLANG_WARN_INT_CONVERSION = YES;
				CLANG_WARN_NON_LITERAL_NULL_CONVERSION = YES;
				CLANG_WARN_OBJC_IMPLICIT_RETAIN_SELF = YES;
				CLANG_WARN_OBJC_LITERAL_CONVERSION = YES;
				CLANG_WARN_OBJC_ROOT_CLASS = YES_ERROR;
				CLANG_WARN_QUOTED_INCLUDE_IN_FRAMEWORK_HEADER = YES;
				CLANG_WARN_RANGE_LOOP_ANALYSIS = YES;
				CLANG_WARN_STRICT_PROTOTYPES = YES;
				CLANG_WARN_SUSPICIOUS_MOVE = YES;
				CLANG_WARN_UNGUARDED_AVAILABILITY = YES_AGGRESSIVE;
				CLANG_WARN_UNREACHABLE_CODE = YES;
				CLANG_WARN__DUPLICATE_METHOD_MATCH = YES;
				COPY_PHASE_STRIP = NO;
				DEBUG_INFORMATION_FORMAT = dwarf;
				ENABLE_STRICT_OBJC_MSGSEND = YES;
				ENABLE_TESTABILITY = YES;
				ENABLE_USER_SCRIPT_SANDBOXING = YES;
				GCC_C_LANGUAGE_STANDARD = gnu17;
				GCC_DYNAMIC_NO_PIC = NO;
				GCC_NO_COMMON_BLOCKS = YES;
				GCC_OPTIMIZATION_LEVEL = 0;
				GCC_PREPROCESSOR_DEFINITIONS = (
					"DEBUG=1",
					"$(inherited)",
				);
				GCC_WARN_64_TO_32_BIT_CONVERSION = YES;
				GCC_WARN_ABOUT_RETURN_TYPE = YES_ERROR;
				GCC_WARN_UNDECLARED_SELECTOR = YES;
				GCC_WARN_UNINITIALIZED_AUTOS = YES_AGGRESSIVE;
				GCC_WARN_UNUSED_FUNCTION = YES;
				GCC_WARN_UNUSED_VARIABLE = YES;
				INFOPLIST_FILE = /RidesSwiftUI_Storyboard/Resources;
				IPHONEOS_DEPLOYMENT_TARGET = 17.5;
				LOCALIZATION_PREFERS_STRING_CATALOGS = YES;
				MTL_ENABLE_DEBUG_INFO = INCLUDE_SOURCE;
				MTL_FAST_MATH = YES;
				ONLY_ACTIVE_ARCH = YES;
				SDKROOT = iphoneos;
				SWIFT_ACTIVE_COMPILATION_CONDITIONS = "DEBUG $(inherited)";
				SWIFT_OPTIMIZATION_LEVEL = "-Onone";
			};
			name = Debug;
		};
		52BBB79B2CAA621900584D4D /* Release */ = {
			isa = XCBuildConfiguration;
			buildSettings = {
				ALWAYS_SEARCH_USER_PATHS = NO;
				ASSETCATALOG_COMPILER_GENERATE_SWIFT_ASSET_SYMBOL_EXTENSIONS = YES;
				CLANG_ANALYZER_NONNULL = YES;
				CLANG_ANALYZER_NUMBER_OBJECT_CONVERSION = YES_AGGRESSIVE;
				CLANG_CXX_LANGUAGE_STANDARD = "gnu++20";
				CLANG_ENABLE_MODULES = YES;
				CLANG_ENABLE_OBJC_ARC = YES;
				CLANG_ENABLE_OBJC_WEAK = YES;
				CLANG_WARN_BLOCK_CAPTURE_AUTORELEASING = YES;
				CLANG_WARN_BOOL_CONVERSION = YES;
				CLANG_WARN_COMMA = YES;
				CLANG_WARN_CONSTANT_CONVERSION = YES;
				CLANG_WARN_DEPRECATED_OBJC_IMPLEMENTATIONS = YES;
				CLANG_WARN_DIRECT_OBJC_ISA_USAGE = YES_ERROR;
				CLANG_WARN_DOCUMENTATION_COMMENTS = YES;
				CLANG_WARN_EMPTY_BODY = YES;
				CLANG_WARN_ENUM_CONVERSION = YES;
				CLANG_WARN_INFINITE_RECURSION = YES;
				CLANG_WARN_INT_CONVERSION = YES;
				CLANG_WARN_NON_LITERAL_NULL_CONVERSION = YES;
				CLANG_WARN_OBJC_IMPLICIT_RETAIN_SELF = YES;
				CLANG_WARN_OBJC_LITERAL_CONVERSION = YES;
				CLANG_WARN_OBJC_ROOT_CLASS = YES_ERROR;
				CLANG_WARN_QUOTED_INCLUDE_IN_FRAMEWORK_HEADER = YES;
				CLANG_WARN_RANGE_LOOP_ANALYSIS = YES;
				CLANG_WARN_STRICT_PROTOTYPES = YES;
				CLANG_WARN_SUSPICIOUS_MOVE = YES;
				CLANG_WARN_UNGUARDED_AVAILABILITY = YES_AGGRESSIVE;
				CLANG_WARN_UNREACHABLE_CODE = YES;
				CLANG_WARN__DUPLICATE_METHOD_MATCH = YES;
				COPY_PHASE_STRIP = NO;
				DEBUG_INFORMATION_FORMAT = "dwarf-with-dsym";
				ENABLE_NS_ASSERTIONS = NO;
				ENABLE_STRICT_OBJC_MSGSEND = YES;
				ENABLE_USER_SCRIPT_SANDBOXING = YES;
				GCC_C_LANGUAGE_STANDARD = gnu17;
				GCC_NO_COMMON_BLOCKS = YES;
				GCC_WARN_64_TO_32_BIT_CONVERSION = YES;
				GCC_WARN_ABOUT_RETURN_TYPE = YES_ERROR;
				GCC_WARN_UNDECLARED_SELECTOR = YES;
				GCC_WARN_UNINITIALIZED_AUTOS = YES_AGGRESSIVE;
				GCC_WARN_UNUSED_FUNCTION = YES;
				GCC_WARN_UNUSED_VARIABLE = YES;
				IPHONEOS_DEPLOYMENT_TARGET = 17.5;
				LOCALIZATION_PREFERS_STRING_CATALOGS = YES;
				MTL_ENABLE_DEBUG_INFO = NO;
				MTL_FAST_MATH = YES;
				SDKROOT = iphoneos;
				SWIFT_COMPILATION_MODE = wholemodule;
				VALIDATE_PRODUCT = YES;
			};
			name = Release;
		};
		52BBB79D2CAA621900584D4D /* Debug */ = {
			isa = XCBuildConfiguration;
			baseConfigurationReference = D632D8D78F49092E547286CC /* Pods-Rides.debug.xcconfig */;
			buildSettings = {
				ASSETCATALOG_COMPILER_APPICON_NAME = AppIcon;
				ASSETCATALOG_COMPILER_GLOBAL_ACCENT_COLOR_NAME = AccentColor;
				CODE_SIGN_STYLE = Automatic;
				CURRENT_PROJECT_VERSION = 1;
				DEVELOPMENT_TEAM = 2DA83SZBD3;
				ENABLE_USER_SCRIPT_SANDBOXING = NO;
				GENERATE_INFOPLIST_FILE = YES;
				HOST_URL = "https://random-data-api.com/api/";
				INFOPLIST_FILE = Rides/Resources/Info.plist;
				INFOPLIST_KEY_UIApplicationSupportsIndirectInputEvents = YES;
				INFOPLIST_KEY_UILaunchStoryboardName = LaunchScreen;
				INFOPLIST_KEY_UIMainStoryboardFile = "";
				INFOPLIST_KEY_UISupportedInterfaceOrientations_iPad = "UIInterfaceOrientationPortrait UIInterfaceOrientationPortraitUpsideDown UIInterfaceOrientationLandscapeLeft UIInterfaceOrientationLandscapeRight";
				INFOPLIST_KEY_UISupportedInterfaceOrientations_iPhone = "UIInterfaceOrientationPortrait UIInterfaceOrientationLandscapeLeft UIInterfaceOrientationLandscapeRight";
				LD_RUNPATH_SEARCH_PATHS = (
					"$(inherited)",
					"@executable_path/Frameworks",
				);
				MARKETING_VERSION = 1.0;
				PRODUCT_BUNDLE_IDENTIFIER = cyb.Rides;
				PRODUCT_NAME = "$(TARGET_NAME)";
				SWIFT_EMIT_LOC_STRINGS = YES;
				SWIFT_VERSION = 5.0;
				TARGETED_DEVICE_FAMILY = "1,2";
			};
			name = Debug;
		};
		52BBB79E2CAA621900584D4D /* Release */ = {
			isa = XCBuildConfiguration;
			baseConfigurationReference = 1F9DC6A6D5899E40FD03F833 /* Pods-Rides.release.xcconfig */;
			buildSettings = {
				ASSETCATALOG_COMPILER_APPICON_NAME = AppIcon;
				ASSETCATALOG_COMPILER_GLOBAL_ACCENT_COLOR_NAME = AccentColor;
				CODE_SIGN_STYLE = Automatic;
				CURRENT_PROJECT_VERSION = 1;
				DEVELOPMENT_TEAM = 2DA83SZBD3;
				ENABLE_USER_SCRIPT_SANDBOXING = NO;
				GENERATE_INFOPLIST_FILE = YES;
				HOST_URL = "https://random-data-api.com/api/";
				INFOPLIST_FILE = Rides/Resources/Info.plist;
				INFOPLIST_KEY_UIApplicationSupportsIndirectInputEvents = YES;
				INFOPLIST_KEY_UILaunchStoryboardName = LaunchScreen;
				INFOPLIST_KEY_UIMainStoryboardFile = "";
				INFOPLIST_KEY_UISupportedInterfaceOrientations_iPad = "UIInterfaceOrientationPortrait UIInterfaceOrientationPortraitUpsideDown UIInterfaceOrientationLandscapeLeft UIInterfaceOrientationLandscapeRight";
				INFOPLIST_KEY_UISupportedInterfaceOrientations_iPhone = "UIInterfaceOrientationPortrait UIInterfaceOrientationLandscapeLeft UIInterfaceOrientationLandscapeRight";
				LD_RUNPATH_SEARCH_PATHS = (
					"$(inherited)",
					"@executable_path/Frameworks",
				);
				MARKETING_VERSION = 1.0;
				PRODUCT_BUNDLE_IDENTIFIER = cyb.Rides;
				PRODUCT_NAME = "$(TARGET_NAME)";
				SWIFT_EMIT_LOC_STRINGS = YES;
				SWIFT_VERSION = 5.0;
				TARGETED_DEVICE_FAMILY = "1,2";
			};
			name = Release;
		};
		52BBB7A02CAA621900584D4D /* Debug */ = {
			isa = XCBuildConfiguration;
			buildSettings = {
				ALWAYS_EMBED_SWIFT_STANDARD_LIBRARIES = YES;
				BUNDLE_LOADER = "$(TEST_HOST)";
				CODE_SIGN_STYLE = Automatic;
				CURRENT_PROJECT_VERSION = 1;
				DEVELOPMENT_TEAM = 2DA83SZBD3;
				GENERATE_INFOPLIST_FILE = YES;
				INFOPLIST_FILE = Rides/Resources/Info.plist;
				IPHONEOS_DEPLOYMENT_TARGET = 17.5;
				MARKETING_VERSION = 1.0;
				PRODUCT_BUNDLE_IDENTIFIER = cyb.Rides;
				PRODUCT_NAME = "$(TARGET_NAME)";
				SWIFT_EMIT_LOC_STRINGS = NO;
				SWIFT_VERSION = 5.0;
				TARGETED_DEVICE_FAMILY = "1,2";
				TEST_HOST = "$(BUILT_PRODUCTS_DIR)/Rides.app/$(BUNDLE_EXECUTABLE_FOLDER_PATH)/Rides";
			};
			name = Debug;
		};
		52BBB7A12CAA621900584D4D /* Release */ = {
			isa = XCBuildConfiguration;
			buildSettings = {
				ALWAYS_EMBED_SWIFT_STANDARD_LIBRARIES = YES;
				BUNDLE_LOADER = "$(TEST_HOST)";
				CODE_SIGN_STYLE = Automatic;
				CURRENT_PROJECT_VERSION = 1;
				DEVELOPMENT_TEAM = 2DA83SZBD3;
				GENERATE_INFOPLIST_FILE = YES;
				IPHONEOS_DEPLOYMENT_TARGET = 17.5;
				MARKETING_VERSION = 1.0;
				PRODUCT_BUNDLE_IDENTIFIER = cyb.Rides;
				PRODUCT_NAME = "$(TARGET_NAME)";
				SWIFT_EMIT_LOC_STRINGS = NO;
				SWIFT_VERSION = 5.0;
				TARGETED_DEVICE_FAMILY = "1,2";
				TEST_HOST = "$(BUILT_PRODUCTS_DIR)/Rides.app/$(BUNDLE_EXECUTABLE_FOLDER_PATH)/Rides";
			};
			name = Release;
		};
/* End XCBuildConfiguration section */

/* Begin XCConfigurationList section */
		52BBB76D2CAA621600584D4D /* Build configuration list for PBXProject "Rides" */ = {
			isa = XCConfigurationList;
			buildConfigurations = (
				52BBB79A2CAA621900584D4D /* Debug */,
				52BBB79B2CAA621900584D4D /* Release */,
			);
			defaultConfigurationIsVisible = 0;
			defaultConfigurationName = Release;
		};
		52BBB79C2CAA621900584D4D /* Build configuration list for PBXNativeTarget "Rides" */ = {
			isa = XCConfigurationList;
			buildConfigurations = (
				52BBB79D2CAA621900584D4D /* Debug */,
				52BBB79E2CAA621900584D4D /* Release */,
			);
			defaultConfigurationIsVisible = 0;
			defaultConfigurationName = Release;
		};
		52BBB79F2CAA621900584D4D /* Build configuration list for PBXNativeTarget "RidesTests" */ = {
			isa = XCConfigurationList;
			buildConfigurations = (
				52BBB7A02CAA621900584D4D /* Debug */,
				52BBB7A12CAA621900584D4D /* Release */,
			);
			defaultConfigurationIsVisible = 0;
			defaultConfigurationName = Release;
		};
/* End XCConfigurationList section */
	};
	rootObject = 52BBB76A2CAA621600584D4D /* Project object */;
}
